
Microsoft Visual Studio Solution File, Format Version 12.00
# Visual Studio 15
VisualStudioVersion = 15.0.27428.1
MinimumVisualStudioVersion = 10.0.40219.1
Project("{FAE04EC0-301F-11D3-BF4B-00C04F79EFBC}") = "MongoDbEg2", "MongoDbEg2\MongoDbEg2.csproj", "{BF342CD2-581F-44B3-83D8-68F58588F637}"
EndProject
Global
	GlobalSection(SolutionConfigurationPlatforms) = preSolution
		Debug|Any CPU = Debug|Any CPU
		Release|Any CPU = Release|Any CPU
	EndGlobalSection
	GlobalSection(ProjectConfigurationPlatforms) = postSolution
		{BF342CD2-581F-44B3-83D8-68F58588F637}.Debug|Any CPU.ActiveCfg = Debug|Any CPU
		{BF342CD2-581F-44B3-83D8-68F58588F637}.Debug|Any CPU.Build.0 = Debug|Any CPU
		{BF342CD2-581F-44B3-83D8-68F58588F637}.Release|Any CPU.ActiveCfg = Release|Any CPU
		{BF342CD2-581F-44B3-83D8-68F58588F637}.Release|Any CPU.Build.0 = Release|Any CPU
	EndGlobalSection
	GlobalSection(SolutionProperties) = preSolution
		HideSolutionNode = FALSE
	EndGlobalSection
	GlobalSection(ExtensibilityGlobals) = postSolution
		SolutionGuid = {3DB9F3E7-DB0E-487D-849A-5BFAC0BB5F6A}
	EndGlobalSection
EndGlobal
